
Microsoft Visual Studio Solution File, Format Version 12.00
# Visual Studio Version 17
VisualStudioVersion = 17.6.33723.286
MinimumVisualStudioVersion = 10.0.40219.1
Project("{FAE04EC0-301F-11D3-BF4B-00C04F79EFBC}") = "ComputerForNumber", "ComputerForNumber.csproj", "{07F03815-A081-4F4C-BAA4-10CB3D242A26}"
EndProject
Global
	GlobalSection(SolutionConfigurationPlatforms) = preSolution
		Debug|Any CPU = Debug|Any CPU
		Release|Any CPU = Release|Any CPU
	EndGlobalSection
	GlobalSection(ProjectConfigurationPlatforms) = postSolution
		{07F03815-A081-4F4C-BAA4-10CB3D242A26}.Debug|Any CPU.ActiveCfg = Debug|Any CPU
		{07F03815-A081-4F4C-BAA4-10CB3D242A26}.Debug|Any CPU.Build.0 = Debug|Any CPU
		{07F03815-A081-4F4C-BAA4-10CB3D242A26}.Release|Any CPU.ActiveCfg = Release|Any CPU
		{07F03815-A081-4F4C-BAA4-10CB3D242A26}.Release|Any CPU.Build.0 = Release|Any CPU
	EndGlobalSection
	GlobalSection(SolutionProperties) = preSolution
		HideSolutionNode = FALSE
	EndGlobalSection
	GlobalSection(ExtensibilityGlobals) = postSolution
		SolutionGuid = {4C0333A2-3A97-4BEA-8042-998E3BF10EAD}
	EndGlobalSection
EndGlobal
